// !$*UTF8*$!
{
	archiveVersion = 1;
	classes = {
	};
	objectVersion = 50;
	objects = {

/* Begin PBXBuildFile section */
		7214F1E62429C256005E6249 /* AppDelegate.swift in Sources */ = {isa = PBXBuildFile; fileRef = 7214F1E52429C256005E6249 /* AppDelegate.swift */; };
		7214F1E82429C256005E6249 /* SceneDelegate.swift in Sources */ = {isa = PBXBuildFile; fileRef = 7214F1E72429C256005E6249 /* SceneDelegate.swift */; };
		7214F1EA2429C256005E6249 /* ViewController.swift in Sources */ = {isa = PBXBuildFile; fileRef = 7214F1E92429C256005E6249 /* ViewController.swift */; };
		7214F1ED2429C256005E6249 /* Main.storyboard in Resources */ = {isa = PBXBuildFile; fileRef = 7214F1EB2429C256005E6249 /* Main.storyboard */; };
		7214F1EF2429C257005E6249 /* Assets.xcassets in Resources */ = {isa = PBXBuildFile; fileRef = 7214F1EE2429C257005E6249 /* Assets.xcassets */; };
		7214F1F22429C257005E6249 /* LaunchScreen.storyboard in Resources */ = {isa = PBXBuildFile; fileRef = 7214F1F02429C257005E6249 /* LaunchScreen.storyboard */; };
		7214F1FB2429C319005E6249 /* StartViewController.swift in Sources */ = {isa = PBXBuildFile; fileRef = 7214F1FA2429C319005E6249 /* StartViewController.swift */; };
		7214F1FD2429C325005E6249 /* Start.storyboard in Resources */ = {isa = PBXBuildFile; fileRef = 7214F1FC2429C325005E6249 /* Start.storyboard */; };
		7214F1FF2429E6B3005E6249 /* SignUpViewController.swift in Sources */ = {isa = PBXBuildFile; fileRef = 7214F1FE2429E6B3005E6249 /* SignUpViewController.swift */; };
		7214F2012429E6C9005E6249 /* SignUp.storyboard in Resources */ = {isa = PBXBuildFile; fileRef = 7214F2002429E6C9005E6249 /* SignUp.storyboard */; };
/* End PBXBuildFile section */

/* Begin PBXFileReference section */
		7214F1E22429C256005E6249 /* geek-api.app */ = {isa = PBXFileReference; explicitFileType = wrapper.application; includeInIndex = 0; path = "geek-api.app"; sourceTree = BUILT_PRODUCTS_DIR; };
		7214F1E52429C256005E6249 /* AppDelegate.swift */ = {isa = PBXFileReference; lastKnownFileType = sourcecode.swift; path = AppDelegate.swift; sourceTree = "<group>"; };
		7214F1E72429C256005E6249 /* SceneDelegate.swift */ = {isa = PBXFileReference; lastKnownFileType = sourcecode.swift; path = SceneDelegate.swift; sourceTree = "<group>"; };
		7214F1E92429C256005E6249 /* ViewController.swift */ = {isa = PBXFileReference; lastKnownFileType = sourcecode.swift; path = ViewController.swift; sourceTree = "<group>"; };
		7214F1EC2429C256005E6249 /* Base */ = {isa = PBXFileReference; lastKnownFileType = file.storyboard; name = Base; path = Base.lproj/Main.storyboard; sourceTree = "<group>"; };
		7214F1EE2429C257005E6249 /* Assets.xcassets */ = {isa = PBXFileReference; lastKnownFileType = folder.assetcatalog; path = Assets.xcassets; sourceTree = "<group>"; };
		7214F1F12429C257005E6249 /* Base */ = {isa = PBXFileReference; lastKnownFileType = file.storyboard; name = Base; path = Base.lproj/LaunchScreen.storyboard; sourceTree = "<group>"; };
		7214F1F32429C257005E6249 /* Info.plist */ = {isa = PBXFileReference; lastKnownFileType = text.plist.xml; path = Info.plist; sourceTree = "<group>"; };
		7214F1FA2429C319005E6249 /* StartViewController.swift */ = {isa = PBXFileReference; lastKnownFileType = sourcecode.swift; path = StartViewController.swift; sourceTree = "<group>"; };
		7214F1FC2429C325005E6249 /* Start.storyboard */ = {isa = PBXFileReference; lastKnownFileType = file.storyboard; path = Start.storyboard; sourceTree = "<group>"; };
		7214F1FE2429E6B3005E6249 /* SignUpViewController.swift */ = {isa = PBXFileReference; lastKnownFileType = sourcecode.swift; path = SignUpViewController.swift; sourceTree = "<group>"; };
		7214F2002429E6C9005E6249 /* SignUp.storyboard */ = {isa = PBXFileReference; lastKnownFileType = file.storyboard; path = SignUp.storyboard; sourceTree = "<group>"; };
/* End PBXFileReference section */

/* Begin PBXFrameworksBuildPhase section */
		7214F1DF2429C256005E6249 /* Frameworks */ = {
			isa = PBXFrameworksBuildPhase;
			buildActionMask = 2147483647;
			files = (
			);
			runOnlyForDeploymentPostprocessing = 0;
		};
/* End PBXFrameworksBuildPhase section */

/* Begin PBXGroup section */
		7214F1D92429C256005E6249 = {
			isa = PBXGroup;
			children = (
				7214F1E42429C256005E6249 /* geek-api */,
				7214F1E32429C256005E6249 /* Products */,
			);
			sourceTree = "<group>";
		};
		7214F1E32429C256005E6249 /* Products */ = {
			isa = PBXGroup;
			children = (
				7214F1E22429C256005E6249 /* geek-api.app */,
			);
			name = Products;
			sourceTree = "<group>";
		};
		7214F1E42429C256005E6249 /* geek-api */ = {
			isa = PBXGroup;
			children = (
				7214F1F92429C2FA005E6249 /* signUp */,
				7214F1E52429C256005E6249 /* AppDelegate.swift */,
				7214F1E72429C256005E6249 /* SceneDelegate.swift */,
				7214F1E92429C256005E6249 /* ViewController.swift */,
				7214F1EB2429C256005E6249 /* Main.storyboard */,
				7214F1EE2429C257005E6249 /* Assets.xcassets */,
				7214F1F02429C257005E6249 /* LaunchScreen.storyboard */,
				7214F1F32429C257005E6249 /* Info.plist */,
			);
			path = "geek-api";
			sourceTree = "<group>";
		};
		7214F1F92429C2FA005E6249 /* signUp */ = {
			isa = PBXGroup;
			children = (
				7214F1FA2429C319005E6249 /* StartViewController.swift */,
				7214F1FC2429C325005E6249 /* Start.storyboard */,
				7214F1FE2429E6B3005E6249 /* SignUpViewController.swift */,
				7214F2002429E6C9005E6249 /* SignUp.storyboard */,
			);
			path = signUp;
			sourceTree = "<group>";
		};
/* End PBXGroup section */

/* Begin PBXNativeTarget section */
		7214F1E12429C256005E6249 /* geek-api */ = {
			isa = PBXNativeTarget;
			buildConfigurationList = 7214F1F62429C257005E6249 /* Build configuration list for PBXNativeTarget "geek-api" */;
			buildPhases = (
				7214F1DE2429C256005E6249 /* Sources */,
				7214F1DF2429C256005E6249 /* Frameworks */,
				7214F1E02429C256005E6249 /* Resources */,
			);
			buildRules = (
			);
			dependencies = (
			);
			name = "geek-api";
			productName = "geek-api";
			productReference = 7214F1E22429C256005E6249 /* geek-api.app */;
			productType = "com.apple.product-type.application";
		};
/* End PBXNativeTarget section */

/* Begin PBXProject section */
		7214F1DA2429C256005E6249 /* Project object */ = {
			isa = PBXProject;
			attributes = {
				LastSwiftUpdateCheck = 1130;
				LastUpgradeCheck = 1130;
				ORGANIZATIONNAME = saya;
				TargetAttributes = {
					7214F1E12429C256005E6249 = {
						CreatedOnToolsVersion = 11.3.1;
					};
				};
			};
			buildConfigurationList = 7214F1DD2429C256005E6249 /* Build configuration list for PBXProject "geek-api" */;
			compatibilityVersion = "Xcode 9.3";
			developmentRegion = en;
			hasScannedForEncodings = 0;
			knownRegions = (
				en,
				Base,
			);
			mainGroup = 7214F1D92429C256005E6249;
			productRefGroup = 7214F1E32429C256005E6249 /* Products */;
			projectDirPath = "";
			projectRoot = "";
			targets = (
				7214F1E12429C256005E6249 /* geek-api */,
			);
		};
/* End PBXProject section */

/* Begin PBXResourcesBuildPhase section */
		7214F1E02429C256005E6249 /* Resources */ = {
			isa = PBXResourcesBuildPhase;
			buildActionMask = 2147483647;
			files = (
				7214F1F22429C257005E6249 /* LaunchScreen.storyboard in Resources */,
				7214F1EF2429C257005E6249 /* Assets.xcassets in Resources */,
				7214F1FD2429C325005E6249 /* Start.storyboard in Resources */,
				7214F1ED2429C256005E6249 /* Main.storyboard in Resources */,
				7214F2012429E6C9005E6249 /* SignUp.storyboard in Resources */,
			);
			runOnlyForDeploymentPostprocessing = 0;
		};
/* End PBXResourcesBuildPhase section */

/* Begin PBXSourcesBuildPhase section */
		7214F1DE2429C256005E6249 /* Sources */ = {
			isa = PBXSourcesBuildPhase;
			buildActionMask = 2147483647;
			files = (
				7214F1FF2429E6B3005E6249 /* SignUpViewController.swift in Sources */,
				7214F1EA2429C256005E6249 /* ViewController.swift in Sources */,
				7214F1E62429C256005E6249 /* AppDelegate.swift in Sources */,
				7214F1FB2429C319005E6249 /* StartViewController.swift in Sources */,
				7214F1E82429C256005E6249 /* SceneDelegate.swift in Sources */,
			);
			runOnlyForDeploymentPostprocessing = 0;
		};
/* End PBXSourcesBuildPhase section */

/* Begin PBXVariantGroup section */
		7214F1EB2429C256005E6249 /* Main.storyboard */ = {
			isa = PBXVariantGroup;
			children = (
				7214F1EC2429C256005E6249 /* Base */,
			);
			name = Main.storyboard;
			sourceTree = "<group>";
		};
		7214F1F02429C257005E6249 /* LaunchScreen.storyboard */ = {
			isa = PBXVariantGroup;
			children = (
				7214F1F12429C257005E6249 /* Base */,
			);
			name = LaunchScreen.storyboard;
			sourceTree = "<group>";
		};
/* End PBXVariantGroup section */

/* Begin XCBuildConfiguration section */
		7214F1F42429C257005E6249 /* Debug */ = {
			isa = XCBuildConfiguration;
			buildSettings = {
				ALWAYS_SEARCH_USER_PATHS = NO;
				CLANG_ANALYZER_NONNULL = YES;
				CLANG_ANALYZER_NUMBER_OBJECT_CONVERSION = YES_AGGRESSIVE;
				CLANG_CXX_LANGUAGE_STANDARD = "gnu++14";
				CLANG_CXX_LIBRARY = "libc++";
				CLANG_ENABLE_MODULES = YES;
				CLANG_ENABLE_OBJC_ARC = YES;
				CLANG_ENABLE_OBJC_WEAK = YES;
				CLANG_WARN_BLOCK_CAPTURE_AUTORELEASING = YES;
				CLANG_WARN_BOOL_CONVERSION = YES;
				CLANG_WARN_COMMA = YES;
				CLANG_WARN_CONSTANT_CONVERSION = YES;
				CLANG_WARN_DEPRECATED_OBJC_IMPLEMENTATIONS = YES;
				CLANG_WARN_DIRECT_OBJC_ISA_USAGE = YES_ERROR;
				CLANG_WARN_DOCUMENTATION_COMMENTS = YES;
				CLANG_WARN_EMPTY_BODY = YES;
				CLANG_WARN_ENUM_CONVERSION = YES;
				CLANG_WARN_INFINITE_RECURSION = YES;
				CLANG_WARN_INT_CONVERSION = YES;
				CLANG_WARN_NON_LITERAL_NULL_CONVERSION = YES;
				CLANG_WARN_OBJC_IMPLICIT_RETAIN_SELF = YES;
				CLANG_WARN_OBJC_LITERAL_CONVERSION = YES;
				CLANG_WARN_OBJC_ROOT_CLASS = YES_ERROR;
				CLANG_WARN_RANGE_LOOP_ANALYSIS = YES;
				CLANG_WARN_STRICT_PROTOTYPES = YES;
				CLANG_WARN_SUSPICIOUS_MOVE = YES;
				CLANG_WARN_UNGUARDED_AVAILABILITY = YES_AGGRESSIVE;
				CLANG_WARN_UNREACHABLE_CODE = YES;
				CLANG_WARN__DUPLICATE_METHOD_MATCH = YES;
				COPY_PHASE_STRIP = NO;
				DEBUG_INFORMATION_FORMAT = dwarf;
				ENABLE_STRICT_OBJC_MSGSEND = YES;
				ENABLE_TESTABILITY = YES;
				GCC_C_LANGUAGE_STANDARD = gnu11;
				GCC_DYNAMIC_NO_PIC = NO;
				GCC_NO_COMMON_BLOCKS = YES;
				GCC_OPTIMIZATION_LEVEL = 0;
				GCC_PREPROCESSOR_DEFINITIONS = (
					"DEBUG=1",
					"$(inherited)",
				);
				GCC_WARN_64_TO_32_BIT_CONVERSION = YES;
				GCC_WARN_ABOUT_RETURN_TYPE = YES_ERROR;
				GCC_WARN_UNDECLARED_SELECTOR = YES;
				GCC_WARN_UNINITIALIZED_AUTOS = YES_AGGRESSIVE;
				GCC_WARN_UNUSED_FUNCTION = YES;
				GCC_WARN_UNUSED_VARIABLE = YES;
				IPHONEOS_DEPLOYMENT_TARGET = 13.2;
				MTL_ENABLE_DEBUG_INFO = INCLUDE_SOURCE;
				MTL_FAST_MATH = YES;
				ONLY_ACTIVE_ARCH = YES;
				SDKROOT = iphoneos;
				SWIFT_ACTIVE_COMPILATION_CONDITIONS = DEBUG;
				SWIFT_OPTIMIZATION_LEVEL = "-Onone";
			};
			name = Debug;
		};
		7214F1F52429C257005E6249 /* Release */ = {
			isa = XCBuildConfiguration;
			buildSettings = {
				ALWAYS_SEARCH_USER_PATHS = NO;
				CLANG_ANALYZER_NONNULL = YES;
				CLANG_ANALYZER_NUMBER_OBJECT_CONVERSION = YES_AGGRESSIVE;
				CLANG_CXX_LANGUAGE_STANDARD = "gnu++14";
				CLANG_CXX_LIBRARY = "libc++";
				CLANG_ENABLE_MODULES = YES;
				CLANG_ENABLE_OBJC_ARC = YES;
				CLANG_ENABLE_OBJC_WEAK = YES;
				CLANG_WARN_BLOCK_CAPTURE_AUTORELEASING = YES;
				CLANG_WARN_BOOL_CONVERSION = YES;
				CLANG_WARN_COMMA = YES;
				CLANG_WARN_CONSTANT_CONVERSION = YES;
				CLANG_WARN_DEPRECATED_OBJC_IMPLEMENTATIONS = YES;
				CLANG_WARN_DIRECT_OBJC_ISA_USAGE = YES_ERROR;
				CLANG_WARN_DOCUMENTATION_COMMENTS = YES;
				CLANG_WARN_EMPTY_BODY = YES;
				CLANG_WARN_ENUM_CONVERSION = YES;
				CLANG_WARN_INFINITE_RECURSION = YES;
				CLANG_WARN_INT_CONVERSION = YES;
				CLANG_WARN_NON_LITERAL_NULL_CONVERSION = YES;
				CLANG_WARN_OBJC_IMPLICIT_RETAIN_SELF = YES;
				CLANG_WARN_OBJC_LITERAL_CONVERSION = YES;
				CLANG_WARN_OBJC_ROOT_CLASS = YES_ERROR;
				CLANG_WARN_RANGE_LOOP_ANALYSIS = YES;
				CLANG_WARN_STRICT_PROTOTYPES = YES;
				CLANG_WARN_SUSPICIOUS_MOVE = YES;
				CLANG_WARN_UNGUARDED_AVAILABILITY = YES_AGGRESSIVE;
				CLANG_WARN_UNREACHABLE_CODE = YES;
				CLANG_WARN__DUPLICATE_METHOD_MATCH = YES;
				COPY_PHASE_STRIP = NO;
				DEBUG_INFORMATION_FORMAT = "dwarf-with-dsym";
				ENABLE_NS_ASSERTIONS = NO;
				ENABLE_STRICT_OBJC_MSGSEND = YES;
				GCC_C_LANGUAGE_STANDARD = gnu11;
				GCC_NO_COMMON_BLOCKS = YES;
				GCC_WARN_64_TO_32_BIT_CONVERSION = YES;
				GCC_WARN_ABOUT_RETURN_TYPE = YES_ERROR;
				GCC_WARN_UNDECLARED_SELECTOR = YES;
				GCC_WARN_UNINITIALIZED_AUTOS = YES_AGGRESSIVE;
				GCC_WARN_UNUSED_FUNCTION = YES;
				GCC_WARN_UNUSED_VARIABLE = YES;
				IPHONEOS_DEPLOYMENT_TARGET = 13.2;
				MTL_ENABLE_DEBUG_INFO = NO;
				MTL_FAST_MATH = YES;
				SDKROOT = iphoneos;
				SWIFT_COMPILATION_MODE = wholemodule;
				SWIFT_OPTIMIZATION_LEVEL = "-O";
				VALIDATE_PRODUCT = YES;
			};
			name = Release;
		};
		7214F1F72429C257005E6249 /* Debug */ = {
			isa = XCBuildConfiguration;
			buildSettings = {
				ASSETCATALOG_COMPILER_APPICON_NAME = AppIcon;
				CODE_SIGN_STYLE = Automatic;
				INFOPLIST_FILE = "geek-api/Info.plist";
				LD_RUNPATH_SEARCH_PATHS = (
					"$(inherited)",
					"@executable_path/Frameworks",
				);
				PRODUCT_BUNDLE_IDENTIFIER = "jp.co.sample.geek-api.geek-api";
				PRODUCT_NAME = "$(TARGET_NAME)";
				SWIFT_VERSION = 5.0;
				TARGETED_DEVICE_FAMILY = "1,2";
			};
			name = Debug;
		};
		7214F1F82429C257005E6249 /* Release */ = {
			isa = XCBuildConfiguration;
			buildSettings = {
				ASSETCATALOG_COMPILER_APPICON_NAME = AppIcon;
				CODE_SIGN_STYLE = Automatic;
				INFOPLIST_FILE = "geek-api/Info.plist";
				LD_RUNPATH_SEARCH_PATHS = (
					"$(inherited)",
					"@executable_path/Frameworks",
				);
				PRODUCT_BUNDLE_IDENTIFIER = "jp.co.sample.geek-api.geek-api";
				PRODUCT_NAME = "$(TARGET_NAME)";
				SWIFT_VERSION = 5.0;
				TARGETED_DEVICE_FAMILY = "1,2";
			};
			name = Release;
		};
/* End XCBuildConfiguration section */

/* Begin XCConfigurationList section */
		7214F1DD2429C256005E6249 /* Build configuration list for PBXProject "geek-api" */ = {
			isa = XCConfigurationList;
			buildConfigurations = (
				7214F1F42429C257005E6249 /* Debug */,
				7214F1F52429C257005E6249 /* Release */,
			);
			defaultConfigurationIsVisible = 0;
			defaultConfigurationName = Release;
		};
		7214F1F62429C257005E6249 /* Build configuration list for PBXNativeTarget "geek-api" */ = {
			isa = XCConfigurationList;
			buildConfigurations = (
				7214F1F72429C257005E6249 /* Debug */,
				7214F1F82429C257005E6249 /* Release */,
			);
			defaultConfigurationIsVisible = 0;
			defaultConfigurationName = Release;
		};
/* End XCConfigurationList section */
	};
	rootObject = 7214F1DA2429C256005E6249 /* Project object */;
}
